
Microsoft Visual Studio Solution File, Format Version 12.00
# Visual Studio Version 16
VisualStudioVersion = 16.0.30523.141
MinimumVisualStudioVersion = 10.0.40219.1
Project("{FAE04EC0-301F-11D3-BF4B-00C04F79EFBC}") = "ExamenTecnico", "ExamenTecnico\ExamenTecnico.csproj", "{633FCDDD-E28E-417F-8E15-2767F2D16DA8}"
EndProject
Global
	GlobalSection(SolutionConfigurationPlatforms) = preSolution
		Debug|Any CPU = Debug|Any CPU
		Release|Any CPU = Release|Any CPU
	EndGlobalSection
	GlobalSection(ProjectConfigurationPlatforms) = postSolution
		{633FCDDD-E28E-417F-8E15-2767F2D16DA8}.Debug|Any CPU.ActiveCfg = Debug|Any CPU
		{633FCDDD-E28E-417F-8E15-2767F2D16DA8}.Debug|Any CPU.Build.0 = Debug|Any CPU
		{633FCDDD-E28E-417F-8E15-2767F2D16DA8}.Release|Any CPU.ActiveCfg = Release|Any CPU
		{633FCDDD-E28E-417F-8E15-2767F2D16DA8}.Release|Any CPU.Build.0 = Release|Any CPU
	EndGlobalSection
	GlobalSection(SolutionProperties) = preSolution
		HideSolutionNode = FALSE
	EndGlobalSection
	GlobalSection(ExtensibilityGlobals) = postSolution
		SolutionGuid = {92975756-F55C-4E47-BF56-F83AC4580A32}
	EndGlobalSection
EndGlobal
